
Microsoft Visual Studio Solution File, Format Version 12.00
# Visual Studio Version 17
VisualStudioVersion = 17.3.32811.315
MinimumVisualStudioVersion = 10.0.40219.1
Project("{FAE04EC0-301F-11D3-BF4B-00C04F79EFBC}") = "DpsTpmSample", "DpsTpmSample.csproj", "{51EF8BCE-B787-4FA5-990D-FB4D26B8C36D}"
EndProject
Global
	GlobalSection(SolutionConfigurationPlatforms) = preSolution
		Debug|Any CPU = Debug|Any CPU
		Release|Any CPU = Release|Any CPU
	EndGlobalSection
	GlobalSection(ProjectConfigurationPlatforms) = postSolution
		{51EF8BCE-B787-4FA5-990D-FB4D26B8C36D}.Debug|Any CPU.ActiveCfg = Debug|Any CPU
		{51EF8BCE-B787-4FA5-990D-FB4D26B8C36D}.Debug|Any CPU.Build.0 = Debug|Any CPU
		{51EF8BCE-B787-4FA5-990D-FB4D26B8C36D}.Release|Any CPU.ActiveCfg = Release|Any CPU
		{51EF8BCE-B787-4FA5-990D-FB4D26B8C36D}.Release|Any CPU.Build.0 = Release|Any CPU
	EndGlobalSection
	GlobalSection(SolutionProperties) = preSolution
		HideSolutionNode = FALSE
	EndGlobalSection
	GlobalSection(ExtensibilityGlobals) = postSolution
		SolutionGuid = {36D3A36B-87BE-4EB2-BFA9-46D3583ED7DD}
	EndGlobalSection
EndGlobal
